
Microsoft Visual Studio Solution File, Format Version 12.00
# Visual Studio Version 17
VisualStudioVersion = 17.2.32630.192
MinimumVisualStudioVersion = 10.0.40219.1
Project("{9A19103F-16F7-4668-BE54-9A1E7A4F7556}") = "TableExporterApp", "excel-generator\TableExporterApp.csproj", "{404297CF-B762-47B5-9F48-E14BBFFA7C59}"
EndProject
Project("{FAE04EC0-301F-11D3-BF4B-00C04F79EFBC}") = "TableExporter", "TableExporter\TableExporter.csproj", "{1CDC15FA-62ED-4E69-AA11-305F8D7837E2}"
EndProject
Global
	GlobalSection(SolutionConfigurationPlatforms) = preSolution
		Debug|Any CPU = Debug|Any CPU
		Release|Any CPU = Release|Any CPU
	EndGlobalSection
	GlobalSection(ProjectConfigurationPlatforms) = postSolution
		{404297CF-B762-47B5-9F48-E14BBFFA7C59}.Debug|Any CPU.ActiveCfg = Debug|Any CPU
		{404297CF-B762-47B5-9F48-E14BBFFA7C59}.Debug|Any CPU.Build.0 = Debug|Any CPU
		{404297CF-B762-47B5-9F48-E14BBFFA7C59}.Release|Any CPU.ActiveCfg = Release|Any CPU
		{404297CF-B762-47B5-9F48-E14BBFFA7C59}.Release|Any CPU.Build.0 = Release|Any CPU
		{1CDC15FA-62ED-4E69-AA11-305F8D7837E2}.Debug|Any CPU.ActiveCfg = Debug|Any CPU
		{1CDC15FA-62ED-4E69-AA11-305F8D7837E2}.Debug|Any CPU.Build.0 = Debug|Any CPU
		{1CDC15FA-62ED-4E69-AA11-305F8D7837E2}.Release|Any CPU.ActiveCfg = Release|Any CPU
		{1CDC15FA-62ED-4E69-AA11-305F8D7837E2}.Release|Any CPU.Build.0 = Release|Any CPU
	EndGlobalSection
	GlobalSection(SolutionProperties) = preSolution
		HideSolutionNode = FALSE
	EndGlobalSection
	GlobalSection(ExtensibilityGlobals) = postSolution
		SolutionGuid = {5468DD0E-BB72-454D-BA3D-94457CBE3876}
	EndGlobalSection
EndGlobal
